
Microsoft Visual Studio Solution File, Format Version 12.00
Project("{FAE04EC0-301F-11D3-BF4B-00C04F79EFBC}") = "TestSAML_MockIDP", "TestSAML_MockIDP\TestSAML_MockIDP.csproj", "{EB565F29-9F2C-465B-A58A-54F42E46D5C0}"
EndProject
Global
	GlobalSection(SolutionConfigurationPlatforms) = preSolution
		Debug|Any CPU = Debug|Any CPU
		Release|Any CPU = Release|Any CPU
	EndGlobalSection
	GlobalSection(ProjectConfigurationPlatforms) = postSolution
		{EB565F29-9F2C-465B-A58A-54F42E46D5C0}.Debug|Any CPU.ActiveCfg = Debug|Any CPU
		{EB565F29-9F2C-465B-A58A-54F42E46D5C0}.Debug|Any CPU.Build.0 = Debug|Any CPU
		{EB565F29-9F2C-465B-A58A-54F42E46D5C0}.Release|Any CPU.ActiveCfg = Release|Any CPU
		{EB565F29-9F2C-465B-A58A-54F42E46D5C0}.Release|Any CPU.Build.0 = Release|Any CPU
	EndGlobalSection
EndGlobal
